schema: '2.0'
stages:
  load_data:
    cmd: python src/load_data.py --config=params.yaml
    deps:
    - path: data_given/winequality.csv
      md5: b2f4dfed10bb00681dd5d0c617af59a6
      size: 85738
    - path: src/get_data.py
      md5: db7730736da9e3274083bc90eccf7000
      size: 656
    - path: src/load_data.py
      md5: bf9ea6e0fcd2ef3899ba4c7d8292dec1
      size: 648
    outs:
    - path: data/raw/winequality.csv
      md5: 3f584eea848486d55389a80a69ecf3fc
      size: 93564
  split_data:
    cmd: python src/split_data.py --config=params.yaml
    deps:
    - path: data/raw/winequality.csv
      md5: 3f584eea848486d55389a80a69ecf3fc
      size: 93564
    - path: src/split_data.py
      md5: e7c962d591ced08adfa96a2029d99c32
      size: 1072
    outs:
    - path: data/processed/test_winequality.csv
      md5: 12ffe0ef7756720d3522c14f6a2e1c0d
      size: 18827
    - path: data/processed/train_winequality.csv
      md5: 85bb2d663e23ac62f84bf4840efa58c0
      size: 74879
  train_and_evaluate:
    cmd: python src/train_and_evaluate.py --config=params.yaml
    deps:
    - path: data/processed/test_winequality.csv
      md5: 12ffe0ef7756720d3522c14f6a2e1c0d
      size: 18827
    - path: data/processed/train_winequality.csv
      md5: 85bb2d663e23ac62f84bf4840efa58c0
      size: 74879
    - path: src/train_and_evaluate.py
      md5: 9cf452c96d1798f1fee947c29231eac9
      size: 2583
    params:
      params.yaml:
        estimators.ElasticNet.params.alpha: 0.9
        estimators.ElasticNet.params.l1_ratio: 0.4
